
Microsoft Visual Studio Solution File, Format Version 12.00
# Visual Studio Version 16
VisualStudioVersion = 16.0.30907.101
MinimumVisualStudioVersion = 10.0.40219.1
Project("{8BC9CEB8-8B4A-11D0-8D11-00A0C91BC942}") = "rtp", "rtp.vcxproj", "{B5F5CB06-5BA4-4290-A802-081780948FEC}"
EndProject
Global
	GlobalSection(SolutionConfigurationPlatforms) = preSolution
		Debug|x64 = Debug|x64
		Debug|x86 = Debug|x86
		Release|x64 = Release|x64
		Release|x86 = Release|x86
	EndGlobalSection
	GlobalSection(ProjectConfigurationPlatforms) = postSolution
		{B5F5CB06-5BA4-4290-A802-081780948FEC}.Debug|x64.ActiveCfg = Debug|x64
		{B5F5CB06-5BA4-4290-A802-081780948FEC}.Debug|x64.Build.0 = Debug|x64
		{B5F5CB06-5BA4-4290-A802-081780948FEC}.Debug|x86.ActiveCfg = Debug|Win32
		{B5F5CB06-5BA4-4290-A802-081780948FEC}.Debug|x86.Build.0 = Debug|Win32
		{B5F5CB06-5BA4-4290-A802-081780948FEC}.Release|x64.ActiveCfg = Release|x64
		{B5F5CB06-5BA4-4290-A802-081780948FEC}.Release|x64.Build.0 = Release|x64
		{B5F5CB06-5BA4-4290-A802-081780948FEC}.Release|x86.ActiveCfg = Release|Win32
		{B5F5CB06-5BA4-4290-A802-081780948FEC}.Release|x86.Build.0 = Release|Win32
	EndGlobalSection
	GlobalSection(SolutionProperties) = preSolution
		HideSolutionNode = FALSE
	EndGlobalSection
	GlobalSection(ExtensibilityGlobals) = postSolution
		SolutionGuid = {6F326938-55FF-4AA7-A237-4B970208692C}
	EndGlobalSection
EndGlobal
